
Microsoft Visual Studio Solution File, Format Version 12.00
# Visual Studio Version 16
VisualStudioVersion = 16.0.31005.135
MinimumVisualStudioVersion = 10.0.40219.1
Project("{FAE04EC0-301F-11D3-BF4B-00C04F79EFBC}") = "BidOne.TechincalTask.Web", "TechincalTask\BidOne.TechincalTask.Web.csproj", "{73328F91-6B3D-43E3-A7F0-05BB0C4E27A7}"
EndProject
Project("{FAE04EC0-301F-11D3-BF4B-00C04F79EFBC}") = "BidOne.TechincalTask.Tests", "TechincalTask.Tests\BidOne.TechincalTask.Tests.csproj", "{F6ADCFBA-1F80-4E6D-8972-2E5502804A12}"
EndProject
Global
	GlobalSection(SolutionConfigurationPlatforms) = preSolution
		Debug|Any CPU = Debug|Any CPU
		Release|Any CPU = Release|Any CPU
	EndGlobalSection
	GlobalSection(ProjectConfigurationPlatforms) = postSolution
		{73328F91-6B3D-43E3-A7F0-05BB0C4E27A7}.Debug|Any CPU.ActiveCfg = Debug|Any CPU
		{73328F91-6B3D-43E3-A7F0-05BB0C4E27A7}.Debug|Any CPU.Build.0 = Debug|Any CPU
		{73328F91-6B3D-43E3-A7F0-05BB0C4E27A7}.Release|Any CPU.ActiveCfg = Release|Any CPU
		{73328F91-6B3D-43E3-A7F0-05BB0C4E27A7}.Release|Any CPU.Build.0 = Release|Any CPU
		{F6ADCFBA-1F80-4E6D-8972-2E5502804A12}.Debug|Any CPU.ActiveCfg = Debug|Any CPU
		{F6ADCFBA-1F80-4E6D-8972-2E5502804A12}.Debug|Any CPU.Build.0 = Debug|Any CPU
		{F6ADCFBA-1F80-4E6D-8972-2E5502804A12}.Release|Any CPU.ActiveCfg = Release|Any CPU
		{F6ADCFBA-1F80-4E6D-8972-2E5502804A12}.Release|Any CPU.Build.0 = Release|Any CPU
	EndGlobalSection
	GlobalSection(SolutionProperties) = preSolution
		HideSolutionNode = FALSE
	EndGlobalSection
	GlobalSection(ExtensibilityGlobals) = postSolution
		SolutionGuid = {8EA90B8C-C0E2-4AE2-ACCF-3CB449770384}
	EndGlobalSection
EndGlobal
